{
  "name": "faces",
  "version": "1.0.0",
  "lockfileVersion": 1,
  "requires": true,
  "dependencies": {
    "macro-inferno": {
      "version": "0.2.1",
      "resolved": "https://registry.npmjs.org/macro-inferno/-/macro-inferno-0.2.1.tgz",
      "integrity": "sha512-5fnnX5OJSJq4PFMKiiv+lKJqbxHHQXfvTLbRjV3fHIr86ELpljOzVEjEmsY2VI3R2RwWLUM0NHrygpexdH4S4g==",
      "requires": {
        "nan": "2.9.2"
      }
    },
    "nan": {
      "version": "2.9.2",
      "resolved": "https://registry.npmjs.org/nan/-/nan-2.9.2.tgz",
      "integrity": "sha512-ltW65co7f3PQWBDbqVvaU1WtFJUsNW7sWWm4HINhbMQIyVyzIeyZ8toX5TC5eeooE6piZoaEh4cZkueSKG3KYw=="
    },
    "opencv-build": {
      "version": "0.0.3",
      "resolved": "https://registry.npmjs.org/opencv-build/-/opencv-build-0.0.3.tgz",
      "integrity": "sha512-VBuHAUPPbk5eeZ+b8B7XItZdhcGN6tCKraheNi6ulS9VkUuki9pODxcf5oOVdBSTzCYzKNEKrK/nQwtPaq20JQ=="
    },
    "opencv4nodejs": {
      "version": "3.1.0",
      "resolved": "https://registry.npmjs.org/opencv4nodejs/-/opencv4nodejs-3.1.0.tgz",
      "integrity": "sha512-uTFvc67LX7FsMwnhrcSvC+zxEJWpvIe95QU+IbEpZPZo8dTblI2uB1mhHRCrUo4bAjj4WA04pTNHKgNt7yRLSQ==",
      "requires": {
        "macro-inferno": "0.2.1",
        "nan": "2.9.2",
        "opencv-build": "0.0.3"
      }
    }
  }
}
